
Microsoft Visual Studio Solution File, Format Version 12.00
# Visual Studio Version 16
VisualStudioVersion = 16.0.29509.3
MinimumVisualStudioVersion = 10.0.40219.1
Project("{FAE04EC0-301F-11D3-BF4B-00C04F79EFBC}") = "test for git", "test for git.csproj", "{2745D940-7B9C-4BF8-BB7C-F637B588F6B0}"
EndProject
Global
	GlobalSection(SolutionConfigurationPlatforms) = preSolution
		Debug|Any CPU = Debug|Any CPU
		Release|Any CPU = Release|Any CPU
	EndGlobalSection
	GlobalSection(ProjectConfigurationPlatforms) = postSolution
		{2745D940-7B9C-4BF8-BB7C-F637B588F6B0}.Debug|Any CPU.ActiveCfg = Debug|Any CPU
		{2745D940-7B9C-4BF8-BB7C-F637B588F6B0}.Debug|Any CPU.Build.0 = Debug|Any CPU
		{2745D940-7B9C-4BF8-BB7C-F637B588F6B0}.Release|Any CPU.ActiveCfg = Release|Any CPU
		{2745D940-7B9C-4BF8-BB7C-F637B588F6B0}.Release|Any CPU.Build.0 = Release|Any CPU
	EndGlobalSection
	GlobalSection(SolutionProperties) = preSolution
		HideSolutionNode = FALSE
	EndGlobalSection
	GlobalSection(ExtensibilityGlobals) = postSolution
		SolutionGuid = {2CF0EF5F-5B75-4127-9725-8DC4A83A6E92}
	EndGlobalSection
EndGlobal
